// !$*UTF8*$!
{
	archiveVersion = 1;
	classes = {
	};
	objectVersion = 46;
	objects = {

/* Begin PBXBuildFile section */
		113F44671DE581E800B84B2B /* SK_CoreDataResolver+Fetch.swift in Sources */ = {isa = PBXBuildFile; fileRef = 113F44661DE581E800B84B2B /* SK_CoreDataResolver+Fetch.swift */; };
		11AA25B11DE70ADC00E6D6A5 /* SK_CoreDataResolver+Delete.swift in Sources */ = {isa = PBXBuildFile; fileRef = 11AA25B01DE70ADC00E6D6A5 /* SK_CoreDataResolver+Delete.swift */; };
		11AA25B31DE70B1B00E6D6A5 /* SK_CoreDataResolver+Save.swift in Sources */ = {isa = PBXBuildFile; fileRef = 11AA25B21DE70B1B00E6D6A5 /* SK_CoreDataResolver+Save.swift */; };
		11AA25B61DE720F900E6D6A5 /* TestCoreData.xcdatamodeld in Sources */ = {isa = PBXBuildFile; fileRef = 11AA25B41DE720F900E6D6A5 /* TestCoreData.xcdatamodeld */; };
		11AA25B91DE7223300E6D6A5 /* CoreData.framework in Frameworks */ = {isa = PBXBuildFile; fileRef = 11AA25B81DE7223300E6D6A5 /* CoreData.framework */; };
		11F98DC11DE4B09100DE2CFA /* AppDelegate.swift in Sources */ = {isa = PBXBuildFile; fileRef = 11F98DC01DE4B09100DE2CFA /* AppDelegate.swift */; };
		11F98DC31DE4B09100DE2CFA /* ViewController.swift in Sources */ = {isa = PBXBuildFile; fileRef = 11F98DC21DE4B09100DE2CFA /* ViewController.swift */; };
		11F98DC61DE4B09100DE2CFA /* Main.storyboard in Resources */ = {isa = PBXBuildFile; fileRef = 11F98DC41DE4B09100DE2CFA /* Main.storyboard */; };
		11F98DC81DE4B09100DE2CFA /* Assets.xcassets in Resources */ = {isa = PBXBuildFile; fileRef = 11F98DC71DE4B09100DE2CFA /* Assets.xcassets */; };
		11F98DCB1DE4B09100DE2CFA /* LaunchScreen.storyboard in Resources */ = {isa = PBXBuildFile; fileRef = 11F98DC91DE4B09100DE2CFA /* LaunchScreen.storyboard */; };
		11F98DD61DE4B09100DE2CFA /* SK_CoreDataStackTests.swift in Sources */ = {isa = PBXBuildFile; fileRef = 11F98DD51DE4B09100DE2CFA /* SK_CoreDataStackTests.swift */; };
		11F98DE11DE4B09100DE2CFA /* SK_CoreDataStackUITests.swift in Sources */ = {isa = PBXBuildFile; fileRef = 11F98DE01DE4B09100DE2CFA /* SK_CoreDataStackUITests.swift */; };
		11F98DEF1DE4B19100DE2CFA /* SK_CoreDataStack.swift in Sources */ = {isa = PBXBuildFile; fileRef = 11F98DEE1DE4B19100DE2CFA /* SK_CoreDataStack.swift */; };
/* End PBXBuildFile section */

/* Begin PBXContainerItemProxy section */
		11F98DD21DE4B09100DE2CFA /* PBXContainerItemProxy */ = {
			isa = PBXContainerItemProxy;
			containerPortal = 11F98DB51DE4B09000DE2CFA /* Project object */;
			proxyType = 1;
			remoteGlobalIDString = 11F98DBC1DE4B09000DE2CFA;
			remoteInfo = SK_CoreDataStack;
		};
		11F98DDD1DE4B09100DE2CFA /* PBXContainerItemProxy */ = {
			isa = PBXContainerItemProxy;
			containerPortal = 11F98DB51DE4B09000DE2CFA /* Project object */;
			proxyType = 1;
			remoteGlobalIDString = 11F98DBC1DE4B09000DE2CFA;
			remoteInfo = SK_CoreDataStack;
		};
/* End PBXContainerItemProxy section */

/* Begin PBXFileReference section */
		113F44661DE581E800B84B2B /* SK_CoreDataResolver+Fetch.swift */ = {isa = PBXFileReference; fileEncoding = 4; lastKnownFileType = sourcecode.swift; path = "SK_CoreDataResolver+Fetch.swift"; sourceTree = "<group>"; };
		11AA25B01DE70ADC00E6D6A5 /* SK_CoreDataResolver+Delete.swift */ = {isa = PBXFileReference; fileEncoding = 4; lastKnownFileType = sourcecode.swift; path = "SK_CoreDataResolver+Delete.swift"; sourceTree = "<group>"; };
		11AA25B21DE70B1B00E6D6A5 /* SK_CoreDataResolver+Save.swift */ = {isa = PBXFileReference; fileEncoding = 4; lastKnownFileType = sourcecode.swift; path = "SK_CoreDataResolver+Save.swift"; sourceTree = "<group>"; };
		11AA25B51DE720F900E6D6A5 /* TestCoreData.xcdatamodel */ = {isa = PBXFileReference; lastKnownFileType = wrapper.xcdatamodel; path = TestCoreData.xcdatamodel; sourceTree = "<group>"; };
		11AA25B81DE7223300E6D6A5 /* CoreData.framework */ = {isa = PBXFileReference; lastKnownFileType = wrapper.framework; name = CoreData.framework; path = System/Library/Frameworks/CoreData.framework; sourceTree = SDKROOT; };
		11F98DBD1DE4B09100DE2CFA /* SK_CoreDataStack.app */ = {isa = PBXFileReference; explicitFileType = wrapper.application; includeInIndex = 0; path = SK_CoreDataStack.app; sourceTree = BUILT_PRODUCTS_DIR; };
		11F98DC01DE4B09100DE2CFA /* AppDelegate.swift */ = {isa = PBXFileReference; lastKnownFileType = sourcecode.swift; path = AppDelegate.swift; sourceTree = "<group>"; };
		11F98DC21DE4B09100DE2CFA /* ViewController.swift */ = {isa = PBXFileReference; lastKnownFileType = sourcecode.swift; path = ViewController.swift; sourceTree = "<group>"; };
		11F98DC51DE4B09100DE2CFA /* Base */ = {isa = PBXFileReference; lastKnownFileType = file.storyboard; name = Base; path = Base.lproj/Main.storyboard; sourceTree = "<group>"; };
		11F98DC71DE4B09100DE2CFA /* Assets.xcassets */ = {isa = PBXFileReference; lastKnownFileType = folder.assetcatalog; path = Assets.xcassets; sourceTree = "<group>"; };
		11F98DCA1DE4B09100DE2CFA /* Base */ = {isa = PBXFileReference; lastKnownFileType = file.storyboard; name = Base; path = Base.lproj/LaunchScreen.storyboard; sourceTree = "<group>"; };
		11F98DCC1DE4B09100DE2CFA /* Info.plist */ = {isa = PBXFileReference; lastKnownFileType = text.plist.xml; path = Info.plist; sourceTree = "<group>"; };
		11F98DD11DE4B09100DE2CFA /* SK_CoreDataStackTests.xctest */ = {isa = PBXFileReference; explicitFileType = wrapper.cfbundle; includeInIndex = 0; path = SK_CoreDataStackTests.xctest; sourceTree = BUILT_PRODUCTS_DIR; };
		11F98DD51DE4B09100DE2CFA /* SK_CoreDataStackTests.swift */ = {isa = PBXFileReference; lastKnownFileType = sourcecode.swift; path = SK_CoreDataStackTests.swift; sourceTree = "<group>"; };
		11F98DD71DE4B09100DE2CFA /* Info.plist */ = {isa = PBXFileReference; lastKnownFileType = text.plist.xml; path = Info.plist; sourceTree = "<group>"; };
		11F98DDC1DE4B09100DE2CFA /* SK_CoreDataStackUITests.xctest */ = {isa = PBXFileReference; explicitFileType = wrapper.cfbundle; includeInIndex = 0; path = SK_CoreDataStackUITests.xctest; sourceTree = BUILT_PRODUCTS_DIR; };
		11F98DE01DE4B09100DE2CFA /* SK_CoreDataStackUITests.swift */ = {isa = PBXFileReference; lastKnownFileType = sourcecode.swift; path = SK_CoreDataStackUITests.swift; sourceTree = "<group>"; };
		11F98DE21DE4B09100DE2CFA /* Info.plist */ = {isa = PBXFileReference; lastKnownFileType = text.plist.xml; path = Info.plist; sourceTree = "<group>"; };
		11F98DEE1DE4B19100DE2CFA /* SK_CoreDataStack.swift */ = {isa = PBXFileReference; fileEncoding = 4; lastKnownFileType = sourcecode.swift; path = SK_CoreDataStack.swift; sourceTree = "<group>"; };
		11F98E111DE4CE7000DE2CFA /* CoreDataPlayground.playground */ = {isa = PBXFileReference; lastKnownFileType = file.playground; path = CoreDataPlayground.playground; sourceTree = "<group>"; };
/* End PBXFileReference section */

/* Begin PBXFrameworksBuildPhase section */
		11F98DBA1DE4B09000DE2CFA /* Frameworks */ = {
			isa = PBXFrameworksBuildPhase;
			buildActionMask = 2147483647;
			files = (
				11AA25B91DE7223300E6D6A5 /* CoreData.framework in Frameworks */,
			);
			runOnlyForDeploymentPostprocessing = 0;
		};
		11F98DCE1DE4B09100DE2CFA /* Frameworks */ = {
			isa = PBXFrameworksBuildPhase;
			buildActionMask = 2147483647;
			files = (
			);
			runOnlyForDeploymentPostprocessing = 0;
		};
		11F98DD91DE4B09100DE2CFA /* Frameworks */ = {
			isa = PBXFrameworksBuildPhase;
			buildActionMask = 2147483647;
			files = (
			);
			runOnlyForDeploymentPostprocessing = 0;
		};
/* End PBXFrameworksBuildPhase section */

/* Begin PBXGroup section */
		11AA25B71DE7223300E6D6A5 /* Frameworks */ = {
			isa = PBXGroup;
			children = (
				11AA25B81DE7223300E6D6A5 /* CoreData.framework */,
			);
			name = Frameworks;
			sourceTree = "<group>";
		};
		11F98DB41DE4B09000DE2CFA = {
			isa = PBXGroup;
			children = (
				11F98DBF1DE4B09100DE2CFA /* SK_CoreDataStack */,
				11F98DD41DE4B09100DE2CFA /* SK_CoreDataStackTests */,
				11F98DDF1DE4B09100DE2CFA /* SK_CoreDataStackUITests */,
				11F98DBE1DE4B09100DE2CFA /* Products */,
				11AA25B71DE7223300E6D6A5 /* Frameworks */,
			);
			sourceTree = "<group>";
		};
		11F98DBE1DE4B09100DE2CFA /* Products */ = {
			isa = PBXGroup;
			children = (
				11F98DBD1DE4B09100DE2CFA /* SK_CoreDataStack.app */,
				11F98DD11DE4B09100DE2CFA /* SK_CoreDataStackTests.xctest */,
				11F98DDC1DE4B09100DE2CFA /* SK_CoreDataStackUITests.xctest */,
			);
			name = Products;
			sourceTree = "<group>";
		};
		11F98DBF1DE4B09100DE2CFA /* SK_CoreDataStack */ = {
			isa = PBXGroup;
			children = (
				11F98DC01DE4B09100DE2CFA /* AppDelegate.swift */,
				11F98DC21DE4B09100DE2CFA /* ViewController.swift */,
				11F98DEE1DE4B19100DE2CFA /* SK_CoreDataStack.swift */,
				113F44661DE581E800B84B2B /* SK_CoreDataResolver+Fetch.swift */,
				11AA25B01DE70ADC00E6D6A5 /* SK_CoreDataResolver+Delete.swift */,
				11AA25B21DE70B1B00E6D6A5 /* SK_CoreDataResolver+Save.swift */,
				11AA25B41DE720F900E6D6A5 /* TestCoreData.xcdatamodeld */,
				11F98E111DE4CE7000DE2CFA /* CoreDataPlayground.playground */,
				11F98DC41DE4B09100DE2CFA /* Main.storyboard */,
				11F98DC71DE4B09100DE2CFA /* Assets.xcassets */,
				11F98DC91DE4B09100DE2CFA /* LaunchScreen.storyboard */,
				11F98DCC1DE4B09100DE2CFA /* Info.plist */,
			);
			path = SK_CoreDataStack;
			sourceTree = "<group>";
		};
		11F98DD41DE4B09100DE2CFA /* SK_CoreDataStackTests */ = {
			isa = PBXGroup;
			children = (
				11F98DD51DE4B09100DE2CFA /* SK_CoreDataStackTests.swift */,
				11F98DD71DE4B09100DE2CFA /* Info.plist */,
			);
			path = SK_CoreDataStackTests;
			sourceTree = "<group>";
		};
		11F98DDF1DE4B09100DE2CFA /* SK_CoreDataStackUITests */ = {
			isa = PBXGroup;
			children = (
				11F98DE01DE4B09100DE2CFA /* SK_CoreDataStackUITests.swift */,
				11F98DE21DE4B09100DE2CFA /* Info.plist */,
			);
			path = SK_CoreDataStackUITests;
			sourceTree = "<group>";
		};
/* End PBXGroup section */

/* Begin PBXNativeTarget section */
		11F98DBC1DE4B09000DE2CFA /* SK_CoreDataStack */ = {
			isa = PBXNativeTarget;
			buildConfigurationList = 11F98DE51DE4B09100DE2CFA /* Build configuration list for PBXNativeTarget "SK_CoreDataStack" */;
			buildPhases = (
				11F98DB91DE4B09000DE2CFA /* Sources */,
				11F98DBA1DE4B09000DE2CFA /* Frameworks */,
				11F98DBB1DE4B09000DE2CFA /* Resources */,
			);
			buildRules = (
			);
			dependencies = (
			);
			name = SK_CoreDataStack;
			productName = SK_CoreDataStack;
			productReference = 11F98DBD1DE4B09100DE2CFA /* SK_CoreDataStack.app */;
			productType = "com.apple.product-type.application";
		};
		11F98DD01DE4B09100DE2CFA /* SK_CoreDataStackTests */ = {
			isa = PBXNativeTarget;
			buildConfigurationList = 11F98DE81DE4B09100DE2CFA /* Build configuration list for PBXNativeTarget "SK_CoreDataStackTests" */;
			buildPhases = (
				11F98DCD1DE4B09100DE2CFA /* Sources */,
				11F98DCE1DE4B09100DE2CFA /* Frameworks */,
				11F98DCF1DE4B09100DE2CFA /* Resources */,
			);
			buildRules = (
			);
			dependencies = (
				11F98DD31DE4B09100DE2CFA /* PBXTargetDependency */,
			);
			name = SK_CoreDataStackTests;
			productName = SK_CoreDataStackTests;
			productReference = 11F98DD11DE4B09100DE2CFA /* SK_CoreDataStackTests.xctest */;
			productType = "com.apple.product-type.bundle.unit-test";
		};
		11F98DDB1DE4B09100DE2CFA /* SK_CoreDataStackUITests */ = {
			isa = PBXNativeTarget;
			buildConfigurationList = 11F98DEB1DE4B09100DE2CFA /* Build configuration list for PBXNativeTarget "SK_CoreDataStackUITests" */;
			buildPhases = (
				11F98DD81DE4B09100DE2CFA /* Sources */,
				11F98DD91DE4B09100DE2CFA /* Frameworks */,
				11F98DDA1DE4B09100DE2CFA /* Resources */,
			);
			buildRules = (
			);
			dependencies = (
				11F98DDE1DE4B09100DE2CFA /* PBXTargetDependency */,
			);
			name = SK_CoreDataStackUITests;
			productName = SK_CoreDataStackUITests;
			productReference = 11F98DDC1DE4B09100DE2CFA /* SK_CoreDataStackUITests.xctest */;
			productType = "com.apple.product-type.bundle.ui-testing";
		};
/* End PBXNativeTarget section */

/* Begin PBXProject section */
		11F98DB51DE4B09000DE2CFA /* Project object */ = {
			isa = PBXProject;
			attributes = {
				LastSwiftUpdateCheck = 0800;
				LastUpgradeCheck = 0800;
				ORGANIZATIONNAME = Shreesha;
				TargetAttributes = {
					11F98DBC1DE4B09000DE2CFA = {
						CreatedOnToolsVersion = 8.0;
						ProvisioningStyle = Automatic;
					};
					11F98DD01DE4B09100DE2CFA = {
						CreatedOnToolsVersion = 8.0;
						DevelopmentTeam = 9ANM49J4VY;
						ProvisioningStyle = Automatic;
						TestTargetID = 11F98DBC1DE4B09000DE2CFA;
					};
					11F98DDB1DE4B09100DE2CFA = {
						CreatedOnToolsVersion = 8.0;
						DevelopmentTeam = 9ANM49J4VY;
						ProvisioningStyle = Automatic;
						TestTargetID = 11F98DBC1DE4B09000DE2CFA;
					};
				};
			};
			buildConfigurationList = 11F98DB81DE4B09000DE2CFA /* Build configuration list for PBXProject "SK_CoreDataStack" */;
			compatibilityVersion = "Xcode 3.2";
			developmentRegion = English;
			hasScannedForEncodings = 0;
			knownRegions = (
				en,
				Base,
			);
			mainGroup = 11F98DB41DE4B09000DE2CFA;
			productRefGroup = 11F98DBE1DE4B09100DE2CFA /* Products */;
			projectDirPath = "";
			projectRoot = "";
			targets = (
				11F98DBC1DE4B09000DE2CFA /* SK_CoreDataStack */,
				11F98DD01DE4B09100DE2CFA /* SK_CoreDataStackTests */,
				11F98DDB1DE4B09100DE2CFA /* SK_CoreDataStackUITests */,
			);
		};
/* End PBXProject section */

/* Begin PBXResourcesBuildPhase section */
		11F98DBB1DE4B09000DE2CFA /* Resources */ = {
			isa = PBXResourcesBuildPhase;
			buildActionMask = 2147483647;
			files = (
				11F98DCB1DE4B09100DE2CFA /* LaunchScreen.storyboard in Resources */,
				11F98DC81DE4B09100DE2CFA /* Assets.xcassets in Resources */,
				11F98DC61DE4B09100DE2CFA /* Main.storyboard in Resources */,
			);
			runOnlyForDeploymentPostprocessing = 0;
		};
		11F98DCF1DE4B09100DE2CFA /* Resources */ = {
			isa = PBXResourcesBuildPhase;
			buildActionMask = 2147483647;
			files = (
			);
			runOnlyForDeploymentPostprocessing = 0;
		};
		11F98DDA1DE4B09100DE2CFA /* Resources */ = {
			isa = PBXResourcesBuildPhase;
			buildActionMask = 2147483647;
			files = (
			);
			runOnlyForDeploymentPostprocessing = 0;
		};
/* End PBXResourcesBuildPhase section */

/* Begin PBXSourcesBuildPhase section */
		11F98DB91DE4B09000DE2CFA /* Sources */ = {
			isa = PBXSourcesBuildPhase;
			buildActionMask = 2147483647;
			files = (
				11AA25B11DE70ADC00E6D6A5 /* SK_CoreDataResolver+Delete.swift in Sources */,
				11F98DEF1DE4B19100DE2CFA /* SK_CoreDataStack.swift in Sources */,
				11F98DC31DE4B09100DE2CFA /* ViewController.swift in Sources */,
				11AA25B31DE70B1B00E6D6A5 /* SK_CoreDataResolver+Save.swift in Sources */,
				113F44671DE581E800B84B2B /* SK_CoreDataResolver+Fetch.swift in Sources */,
				11F98DC11DE4B09100DE2CFA /* AppDelegate.swift in Sources */,
				11AA25B61DE720F900E6D6A5 /* TestCoreData.xcdatamodeld in Sources */,
			);
			runOnlyForDeploymentPostprocessing = 0;
		};
		11F98DCD1DE4B09100DE2CFA /* Sources */ = {
			isa = PBXSourcesBuildPhase;
			buildActionMask = 2147483647;
			files = (
				11F98DD61DE4B09100DE2CFA /* SK_CoreDataStackTests.swift in Sources */,
			);
			runOnlyForDeploymentPostprocessing = 0;
		};
		11F98DD81DE4B09100DE2CFA /* Sources */ = {
			isa = PBXSourcesBuildPhase;
			buildActionMask = 2147483647;
			files = (
				11F98DE11DE4B09100DE2CFA /* SK_CoreDataStackUITests.swift in Sources */,
			);
			runOnlyForDeploymentPostprocessing = 0;
		};
/* End PBXSourcesBuildPhase section */

/* Begin PBXTargetDependency section */
		11F98DD31DE4B09100DE2CFA /* PBXTargetDependency */ = {
			isa = PBXTargetDependency;
			target = 11F98DBC1DE4B09000DE2CFA /* SK_CoreDataStack */;
			targetProxy = 11F98DD21DE4B09100DE2CFA /* PBXContainerItemProxy */;
		};
		11F98DDE1DE4B09100DE2CFA /* PBXTargetDependency */ = {
			isa = PBXTargetDependency;
			target = 11F98DBC1DE4B09000DE2CFA /* SK_CoreDataStack */;
			targetProxy = 11F98DDD1DE4B09100DE2CFA /* PBXContainerItemProxy */;
		};
/* End PBXTargetDependency section */

/* Begin PBXVariantGroup section */
		11F98DC41DE4B09100DE2CFA /* Main.storyboard */ = {
			isa = PBXVariantGroup;
			children = (
				11F98DC51DE4B09100DE2CFA /* Base */,
			);
			name = Main.storyboard;
			sourceTree = "<group>";
		};
		11F98DC91DE4B09100DE2CFA /* LaunchScreen.storyboard */ = {
			isa = PBXVariantGroup;
			children = (
				11F98DCA1DE4B09100DE2CFA /* Base */,
			);
			name = LaunchScreen.storyboard;
			sourceTree = "<group>";
		};
/* End PBXVariantGroup section */

/* Begin XCBuildConfiguration section */
		11F98DE31DE4B09100DE2CFA /* Debug */ = {
			isa = XCBuildConfiguration;
			buildSettings = {
				ALWAYS_SEARCH_USER_PATHS = NO;
				CLANG_ANALYZER_NONNULL = YES;
				CLANG_CXX_LANGUAGE_STANDARD = "gnu++0x";
				CLANG_CXX_LIBRARY = "libc++";
				CLANG_ENABLE_MODULES = YES;
				CLANG_ENABLE_OBJC_ARC = YES;
				CLANG_WARN_BOOL_CONVERSION = YES;
				CLANG_WARN_CONSTANT_CONVERSION = YES;
				CLANG_WARN_DIRECT_OBJC_ISA_USAGE = YES_ERROR;
				CLANG_WARN_DOCUMENTATION_COMMENTS = YES;
				CLANG_WARN_EMPTY_BODY = YES;
				CLANG_WARN_ENUM_CONVERSION = YES;
				CLANG_WARN_INFINITE_RECURSION = YES;
				CLANG_WARN_INT_CONVERSION = YES;
				CLANG_WARN_OBJC_ROOT_CLASS = YES_ERROR;
				CLANG_WARN_SUSPICIOUS_MOVES = YES;
				CLANG_WARN_UNREACHABLE_CODE = YES;
				CLANG_WARN__DUPLICATE_METHOD_MATCH = YES;
				"CODE_SIGN_IDENTITY[sdk=iphoneos*]" = "iPhone Developer";
				COPY_PHASE_STRIP = NO;
				DEBUG_INFORMATION_FORMAT = dwarf;
				ENABLE_STRICT_OBJC_MSGSEND = YES;
				ENABLE_TESTABILITY = YES;
				GCC_C_LANGUAGE_STANDARD = gnu99;
				GCC_DYNAMIC_NO_PIC = NO;
				GCC_NO_COMMON_BLOCKS = YES;
				GCC_OPTIMIZATION_LEVEL = 0;
				GCC_PREPROCESSOR_DEFINITIONS = (
					"DEBUG=1",
					"$(inherited)",
				);
				GCC_WARN_64_TO_32_BIT_CONVERSION = YES;
				GCC_WARN_ABOUT_RETURN_TYPE = YES_ERROR;
				GCC_WARN_UNDECLARED_SELECTOR = YES;
				GCC_WARN_UNINITIALIZED_AUTOS = YES_AGGRESSIVE;
				GCC_WARN_UNUSED_FUNCTION = YES;
				GCC_WARN_UNUSED_VARIABLE = YES;
				IPHONEOS_DEPLOYMENT_TARGET = 10.0;
				MTL_ENABLE_DEBUG_INFO = YES;
				ONLY_ACTIVE_ARCH = YES;
				SDKROOT = iphoneos;
				SWIFT_ACTIVE_COMPILATION_CONDITIONS = DEBUG;
				SWIFT_OPTIMIZATION_LEVEL = "-Onone";
				TARGETED_DEVICE_FAMILY = "1,2";
			};
			name = Debug;
		};
		11F98DE41DE4B09100DE2CFA /* Release */ = {
			isa = XCBuildConfiguration;
			buildSettings = {
				ALWAYS_SEARCH_USER_PATHS = NO;
				CLANG_ANALYZER_NONNULL = YES;
				CLANG_CXX_LANGUAGE_STANDARD = "gnu++0x";
				CLANG_CXX_LIBRARY = "libc++";
				CLANG_ENABLE_MODULES = YES;
				CLANG_ENABLE_OBJC_ARC = YES;
				CLANG_WARN_BOOL_CONVERSION = YES;
				CLANG_WARN_CONSTANT_CONVERSION = YES;
				CLANG_WARN_DIRECT_OBJC_ISA_USAGE = YES_ERROR;
				CLANG_WARN_DOCUMENTATION_COMMENTS = YES;
				CLANG_WARN_EMPTY_BODY = YES;
				CLANG_WARN_ENUM_CONVERSION = YES;
				CLANG_WARN_INFINITE_RECURSION = YES;
				CLANG_WARN_INT_CONVERSION = YES;
				CLANG_WARN_OBJC_ROOT_CLASS = YES_ERROR;
				CLANG_WARN_SUSPICIOUS_MOVES = YES;
				CLANG_WARN_UNREACHABLE_CODE = YES;
				CLANG_WARN__DUPLICATE_METHOD_MATCH = YES;
				"CODE_SIGN_IDENTITY[sdk=iphoneos*]" = "iPhone Developer";
				COPY_PHASE_STRIP = NO;
				DEBUG_INFORMATION_FORMAT = "dwarf-with-dsym";
				ENABLE_NS_ASSERTIONS = NO;
				ENABLE_STRICT_OBJC_MSGSEND = YES;
				GCC_C_LANGUAGE_STANDARD = gnu99;
				GCC_NO_COMMON_BLOCKS = YES;
				GCC_WARN_64_TO_32_BIT_CONVERSION = YES;
				GCC_WARN_ABOUT_RETURN_TYPE = YES_ERROR;
				GCC_WARN_UNDECLARED_SELECTOR = YES;
				GCC_WARN_UNINITIALIZED_AUTOS = YES_AGGRESSIVE;
				GCC_WARN_UNUSED_FUNCTION = YES;
				GCC_WARN_UNUSED_VARIABLE = YES;
				IPHONEOS_DEPLOYMENT_TARGET = 10.0;
				MTL_ENABLE_DEBUG_INFO = NO;
				SDKROOT = iphoneos;
				SWIFT_OPTIMIZATION_LEVEL = "-Owholemodule";
				TARGETED_DEVICE_FAMILY = "1,2";
				VALIDATE_PRODUCT = YES;
			};
			name = Release;
		};
		11F98DE61DE4B09100DE2CFA /* Debug */ = {
			isa = XCBuildConfiguration;
			buildSettings = {
				ASSETCATALOG_COMPILER_APPICON_NAME = AppIcon;
				DEVELOPMENT_TEAM = "";
				INFOPLIST_FILE = SK_CoreDataStack/Info.plist;
				IPHONEOS_DEPLOYMENT_TARGET = 8.0;
				LD_RUNPATH_SEARCH_PATHS = "$(inherited) @executable_path/Frameworks";
				PRODUCT_BUNDLE_IDENTIFIER = "ShreeK.SK-CoreDataStack";
				PRODUCT_NAME = "$(TARGET_NAME)";
				SWIFT_VERSION = 3.0;
			};
			name = Debug;
		};
		11F98DE71DE4B09100DE2CFA /* Release */ = {
			isa = XCBuildConfiguration;
			buildSettings = {
				ASSETCATALOG_COMPILER_APPICON_NAME = AppIcon;
				DEVELOPMENT_TEAM = "";
				INFOPLIST_FILE = SK_CoreDataStack/Info.plist;
				IPHONEOS_DEPLOYMENT_TARGET = 8.0;
				LD_RUNPATH_SEARCH_PATHS = "$(inherited) @executable_path/Frameworks";
				PRODUCT_BUNDLE_IDENTIFIER = "ShreeK.SK-CoreDataStack";
				PRODUCT_NAME = "$(TARGET_NAME)";
				SWIFT_VERSION = 3.0;
			};
			name = Release;
		};
		11F98DE91DE4B09100DE2CFA /* Debug */ = {
			isa = XCBuildConfiguration;
			buildSettings = {
				ALWAYS_EMBED_SWIFT_STANDARD_LIBRARIES = YES;
				BUNDLE_LOADER = "$(TEST_HOST)";
				DEVELOPMENT_TEAM = 9ANM49J4VY;
				INFOPLIST_FILE = SK_CoreDataStackTests/Info.plist;
				LD_RUNPATH_SEARCH_PATHS = "$(inherited) @executable_path/Frameworks @loader_path/Frameworks";
				PRODUCT_BUNDLE_IDENTIFIER = "ShreeK.SK-CoreDataStackTests";
				PRODUCT_NAME = "$(TARGET_NAME)";
				SWIFT_VERSION = 3.0;
				TEST_HOST = "$(BUILT_PRODUCTS_DIR)/SK_CoreDataStack.app/SK_CoreDataStack";
			};
			name = Debug;
		};
		11F98DEA1DE4B09100DE2CFA /* Release */ = {
			isa = XCBuildConfiguration;
			buildSettings = {
				ALWAYS_EMBED_SWIFT_STANDARD_LIBRARIES = YES;
				BUNDLE_LOADER = "$(TEST_HOST)";
				DEVELOPMENT_TEAM = 9ANM49J4VY;
				INFOPLIST_FILE = SK_CoreDataStackTests/Info.plist;
				LD_RUNPATH_SEARCH_PATHS = "$(inherited) @executable_path/Frameworks @loader_path/Frameworks";
				PRODUCT_BUNDLE_IDENTIFIER = "ShreeK.SK-CoreDataStackTests";
				PRODUCT_NAME = "$(TARGET_NAME)";
				SWIFT_VERSION = 3.0;
				TEST_HOST = "$(BUILT_PRODUCTS_DIR)/SK_CoreDataStack.app/SK_CoreDataStack";
			};
			name = Release;
		};
		11F98DEC1DE4B09100DE2CFA /* Debug */ = {
			isa = XCBuildConfiguration;
			buildSettings = {
				ALWAYS_EMBED_SWIFT_STANDARD_LIBRARIES = YES;
				DEVELOPMENT_TEAM = 9ANM49J4VY;
				INFOPLIST_FILE = SK_CoreDataStackUITests/Info.plist;
				LD_RUNPATH_SEARCH_PATHS = "$(inherited) @executable_path/Frameworks @loader_path/Frameworks";
				PRODUCT_BUNDLE_IDENTIFIER = "ShreeK.SK-CoreDataStackUITests";
				PRODUCT_NAME = "$(TARGET_NAME)";
				SWIFT_VERSION = 3.0;
				TEST_TARGET_NAME = SK_CoreDataStack;
			};
			name = Debug;
		};
		11F98DED1DE4B09100DE2CFA /* Release */ = {
			isa = XCBuildConfiguration;
			buildSettings = {
				ALWAYS_EMBED_SWIFT_STANDARD_LIBRARIES = YES;
				DEVELOPMENT_TEAM = 9ANM49J4VY;
				INFOPLIST_FILE = SK_CoreDataStackUITests/Info.plist;
				LD_RUNPATH_SEARCH_PATHS = "$(inherited) @executable_path/Frameworks @loader_path/Frameworks";
				PRODUCT_BUNDLE_IDENTIFIER = "ShreeK.SK-CoreDataStackUITests";
				PRODUCT_NAME = "$(TARGET_NAME)";
				SWIFT_VERSION = 3.0;
				TEST_TARGET_NAME = SK_CoreDataStack;
			};
			name = Release;
		};
/* End XCBuildConfiguration section */

/* Begin XCConfigurationList section */
		11F98DB81DE4B09000DE2CFA /* Build configuration list for PBXProject "SK_CoreDataStack" */ = {
			isa = XCConfigurationList;
			buildConfigurations = (
				11F98DE31DE4B09100DE2CFA /* Debug */,
				11F98DE41DE4B09100DE2CFA /* Release */,
			);
			defaultConfigurationIsVisible = 0;
			defaultConfigurationName = Release;
		};
		11F98DE51DE4B09100DE2CFA /* Build configuration list for PBXNativeTarget "SK_CoreDataStack" */ = {
			isa = XCConfigurationList;
			buildConfigurations = (
				11F98DE61DE4B09100DE2CFA /* Debug */,
				11F98DE71DE4B09100DE2CFA /* Release */,
			);
			defaultConfigurationIsVisible = 0;
			defaultConfigurationName = Release;
		};
		11F98DE81DE4B09100DE2CFA /* Build configuration list for PBXNativeTarget "SK_CoreDataStackTests" */ = {
			isa = XCConfigurationList;
			buildConfigurations = (
				11F98DE91DE4B09100DE2CFA /* Debug */,
				11F98DEA1DE4B09100DE2CFA /* Release */,
			);
			defaultConfigurationIsVisible = 0;
			defaultConfigurationName = Release;
		};
		11F98DEB1DE4B09100DE2CFA /* Build configuration list for PBXNativeTarget "SK_CoreDataStackUITests" */ = {
			isa = XCConfigurationList;
			buildConfigurations = (
				11F98DEC1DE4B09100DE2CFA /* Debug */,
				11F98DED1DE4B09100DE2CFA /* Release */,
			);
			defaultConfigurationIsVisible = 0;
			defaultConfigurationName = Release;
		};
/* End XCConfigurationList section */

/* Begin XCVersionGroup section */
		11AA25B41DE720F900E6D6A5 /* TestCoreData.xcdatamodeld */ = {
			isa = XCVersionGroup;
			children = (
				11AA25B51DE720F900E6D6A5 /* TestCoreData.xcdatamodel */,
			);
			currentVersion = 11AA25B51DE720F900E6D6A5 /* TestCoreData.xcdatamodel */;
			path = TestCoreData.xcdatamodeld;
			sourceTree = "<group>";
			versionGroupType = wrapper.xcdatamodel;
		};
/* End XCVersionGroup section */
	};
	rootObject = 11F98DB51DE4B09000DE2CFA /* Project object */;
}
